<?xml version="1.0" encoding="utf-8"?>
<Project ToolsVersion="4.0" xmlns="http://schemas.microsoft.com/developer/msbuild/2003">
  <ItemGroup>
    <Filter Include="Source Files">
      <UniqueIdentifier>{4FC737F1-C7A5-4376-A066-2A32D752A2FF}</UniqueIdentifier>
      <Extensions>cpp;c;cc;cxx;def;odl;idl;hpj;bat;asm;asmx</Extensions>
    </Filter>
    <Filter Include="Header Files">
      <UniqueIdentifier>{93995380-89BD-4b04-88EB-625FBE52EBFB}</UniqueIdentifier>
      <Extensions>h;hh;hpp;hxx;hm;inl;inc;xsd</Extensions>
    </Filter>
    <Filter Include="Resource Files">
      <UniqueIdentifier>{67DA6AB6-F800-4c08-8B7A-83BB121AAD01}</UniqueIdentifier>
      <Extensions>rc;ico;cur;bmp;dlg;rc2;rct;bin;rgs;gif;jpg;jpeg;jpe;resx;tiff;tif;png;wav;mfcribbon-ms</Extensions>
    </Filter>
    <Filter Include="Artificial Intelligence">
      <UniqueIdentifier>{29effb3b-855e-4098-b8b9-466740c64a7f}</UniqueIdentifier>
    </Filter>
    <Filter Include="Design Patterns">
      <UniqueIdentifier>{cb3689ce-9ab0-4c30-9778-a50d71862e08}</UniqueIdentifier>
    </Filter>
    <Filter Include="Containers">
      <UniqueIdentifier>{834c4028-b7b4-4fda-bfe2-7c27512ce2fe}</UniqueIdentifier>
    </Filter>
    <Filter Include="Math Library">
      <UniqueIdentifier>{bab3c87c-3fbb-4bb0-b906-620b4953893b}</UniqueIdentifier>
    </Filter>
    <Filter Include="Other">
      <UniqueIdentifier>{a30271ea-b6f3-4fa5-a121-83ca9506b454}</UniqueIdentifier>
    </Filter>
    <Filter Include="Containers\Headers">
      <UniqueIdentifier>{a45297eb-a0a6-44ba-ab06-c85af4805976}</UniqueIdentifier>
    </Filter>
    <Filter Include="Containers\Sources">
      <UniqueIdentifier>{8cb1d3c7-f993-4879-8d5c-f50d1428391d}</UniqueIdentifier>
    </Filter>
    <Filter Include="Design Patterns\Headers">
      <UniqueIdentifier>{74372238-d95e-41ff-bfa3-9bc768d6f5d3}</UniqueIdentifier>
    </Filter>
    <Filter Include="Design Patterns\Sources">
      <UniqueIdentifier>{422ed4ea-5250-4c7d-9905-081cc7b11e9c}</UniqueIdentifier>
    </Filter>
    <Filter Include="Math Library\Headers">
      <UniqueIdentifier>{b88023e1-fba1-4dfb-902e-2d2b37796832}</UniqueIdentifier>
    </Filter>
    <Filter Include="Math Library\Sources">
      <UniqueIdentifier>{9c1696dd-60cc-4977-951b-4399447d2e03}</UniqueIdentifier>
    </Filter>
    <Filter Include="Other\Headers">
      <UniqueIdentifier>{77ef1a79-cf55-44d7-b57b-c947a0a9c33a}</UniqueIdentifier>
    </Filter>
    <Filter Include="Other\Sources">
      <UniqueIdentifier>{2b7b8360-60b8-45ec-ae33-d10a98832a84}</UniqueIdentifier>
    </Filter>
    <Filter Include="Collision Detection">
      <UniqueIdentifier>{79aca1d0-15c7-4aeb-835c-3d7c623827bc}</UniqueIdentifier>
    </Filter>
    <Filter Include="Collision Detection\Headers">
      <UniqueIdentifier>{c3320a32-157f-4573-9c81-10675f552e17}</UniqueIdentifier>
    </Filter>
    <Filter Include="Collision Detection\Sources">
      <UniqueIdentifier>{df5142cd-5743-45f2-b350-9c3880885c74}</UniqueIdentifier>
    </Filter>
    <Filter Include="Artificial Intelligence\State Machine">
      <UniqueIdentifier>{43352ddf-3061-4bb2-9125-acf54069af38}</UniqueIdentifier>
    </Filter>
    <Filter Include="Artificial Intelligence\Behaviour Tree">
      <UniqueIdentifier>{c6678e60-71e4-459e-a1ef-bddb87da1184}</UniqueIdentifier>
    </Filter>
    <Filter Include="Artificial Intelligence\Decision Tree">
      <UniqueIdentifier>{2aadb57c-1285-4827-a829-8e57e68e58cc}</UniqueIdentifier>
    </Filter>
    <Filter Include="Artificial Intelligence\AStar">
      <UniqueIdentifier>{626af7a8-e8fc-49b3-a598-c8bb0c2a582e}</UniqueIdentifier>
    </Filter>
    <Filter Include="Artificial Intelligence\Behaviours">
      <UniqueIdentifier>{e793b169-cd69-4a91-94a3-27400014ee4c}</UniqueIdentifier>
    </Filter>
    <Filter Include="Artificial Intelligence\Behaviour Tree\Headers">
      <UniqueIdentifier>{315b309c-0fea-4b20-a253-c2cab7683e36}</UniqueIdentifier>
    </Filter>
    <Filter Include="Artificial Intelligence\Behaviour Tree\Sources">
      <UniqueIdentifier>{3b20b3d2-7441-4ab0-8c3c-19eadfd79caa}</UniqueIdentifier>
    </Filter>
    <Filter Include="Artificial Intelligence\Decision Tree\Sources">
      <UniqueIdentifier>{c892f010-4fdf-4cef-8135-c4cca9cea2ad}</UniqueIdentifier>
    </Filter>
    <Filter Include="Artificial Intelligence\Decision Tree\Headers">
      <UniqueIdentifier>{07782d4c-ce30-4319-b778-576f9d639af9}</UniqueIdentifier>
    </Filter>
    <Filter Include="Artificial Intelligence\AStar\Headers">
      <UniqueIdentifier>{b2a127fd-fc32-43a5-82dd-2aa1cdb50b08}</UniqueIdentifier>
    </Filter>
    <Filter Include="Artificial Intelligence\AStar\Sources">
      <UniqueIdentifier>{599baff3-4e2a-400b-9efb-113c52f3032b}</UniqueIdentifier>
    </Filter>
    <Filter Include="Artificial Intelligence\Behaviours\Headers">
      <UniqueIdentifier>{8d839214-bae9-4b07-8c79-3e0fad9bc47e}</UniqueIdentifier>
    </Filter>
    <Filter Include="Artificial Intelligence\Behaviours\Sources">
      <UniqueIdentifier>{a0d6cdb2-204b-4637-b59b-d21ec3354f24}</UniqueIdentifier>
    </Filter>
    <Filter Include="Artificial Intelligence\State Machine\Headers">
      <UniqueIdentifier>{19e041fe-1f73-43f3-a856-65649011d52f}</UniqueIdentifier>
    </Filter>
    <Filter Include="Artificial Intelligence\State Machine\Sources">
      <UniqueIdentifier>{ae534753-8dee-4157-bd57-738fe225e51f}</UniqueIdentifier>
    </Filter>
  </ItemGroup>
  <ItemGroup>
    <ClCompile Include="ObjectPool.cpp">
      <Filter>Design Patterns\Sources</Filter>
    </ClCompile>
    <ClCompile Include="State.cpp">
      <Filter>Design Patterns\Sources</Filter>
    </ClCompile>
    <ClCompile Include="StateMachine.cpp">
      <Filter>Design Patterns\Sources</Filter>
    </ClCompile>
    <ClCompile Include="Matrix2.cpp">
      <Filter>Math Library\Sources</Filter>
    </ClCompile>
    <ClCompile Include="Matrix3.cpp">
      <Filter>Math Library\Sources</Filter>
    </ClCompile>
    <ClCompile Include="Matrix4.cpp">
      <Filter>Math Library\Sources</Filter>
    </ClCompile>
    <ClCompile Include="Vector2.cpp">
      <Filter>Math Library\Sources</Filter>
    </ClCompile>
    <ClCompile Include="Vector3.cpp">
      <Filter>Math Library\Sources</Filter>
    </ClCompile>
    <ClCompile Include="Vector4.cpp">
      <Filter>Math Library\Sources</Filter>
    </ClCompile>
    <ClCompile Include="Application2D.cpp">
      <Filter>Other\Sources</Filter>
    </ClCompile>
    <ClCompile Include="FunctionPointerExampleClass.cpp">
      <Filter>Other\Sources</Filter>
    </ClCompile>
    <ClCompile Include="main.cpp">
      <Filter>Other\Sources</Filter>
    </ClCompile>
    <ClCompile Include="CollisionManager.cpp">
      <Filter>Collision Detection\Sources</Filter>
    </ClCompile>
    <ClCompile Include="rect.cpp">
      <Filter>Collision Detection\Sources</Filter>
    </ClCompile>
    <ClCompile Include="Entity.cpp">
      <Filter>Other\Sources</Filter>
    </ClCompile>
    <ClCompile Include="AIBehaviourTree.cpp">
      <Filter>Artificial Intelligence\Behaviour Tree\Sources</Filter>
    </ClCompile>
    <ClCompile Include="AStar.cpp">
      <Filter>Artificial Intelligence\AStar\Sources</Filter>
    </ClCompile>
    <ClCompile Include="Grid.cpp">
      <Filter>Artificial Intelligence\AStar\Sources</Filter>
    </ClCompile>
    <ClCompile Include="Follow.cpp">
      <Filter>Artificial Intelligence\Behaviours\Sources</Filter>
    </ClCompile>
    <ClCompile Include="KeyboardController.cpp">
      <Filter>Artificial Intelligence\Behaviours\Sources</Filter>
    </ClCompile>
    <ClCompile Include="AIState.cpp">
      <Filter>Artificial Intelligence\State Machine\Sources</Filter>
    </ClCompile>
    <ClCompile Include="AIStateMachine.cpp">
      <Filter>Artificial Intelligence\State Machine\Sources</Filter>
    </ClCompile>
    <ClCompile Include="Enemy.cpp">
      <Filter>Other\Sources</Filter>
    </ClCompile>
    <ClCompile Include="Player.cpp">
      <Filter>Other\Sources</Filter>
    </ClCompile>
    <ClCompile Include="Enemy1.cpp">
      <Filter>Other\Sources</Filter>
    </ClCompile>
    <ClCompile Include="FollowState.cpp">
      <Filter>Artificial Intelligence\State Machine\Sources</Filter>
    </ClCompile>
    <ClCompile Include="Flee.cpp">
      <Filter>Artificial Intelligence\Behaviours\Sources</Filter>
    </ClCompile>
    <ClCompile Include="Seek.cpp">
      <Filter>Artificial Intelligence\Behaviours\Sources</Filter>
    </ClCompile>
    <ClCompile Include="MoveState.cpp">
      <Filter>Artificial Intelligence\State Machine\Sources</Filter>
    </ClCompile>
    <ClCompile Include="IdleState.cpp">
      <Filter>Artificial Intelligence\State Machine\Sources</Filter>
    </ClCompile>
    <ClCompile Include="ControllerState.cpp">
      <Filter>Artificial Intelligence\State Machine\Sources</Filter>
    </ClCompile>
    <ClCompile Include="Enemy2.cpp">
      <Filter>Other\Sources</Filter>
    </ClCompile>
    <ClCompile Include="QWhatBehaviour.cpp">
      <Filter>Artificial Intelligence\Decision Tree\Sources</Filter>
    </ClCompile>
    <ClCompile Include="ASeek.cpp">
      <Filter>Artificial Intelligence\Decision Tree\Sources</Filter>
    </ClCompile>
    <ClCompile Include="AFlee.cpp">
      <Filter>Artificial Intelligence\Decision Tree\Sources</Filter>
    </ClCompile>
  </ItemGroup>
  <ItemGroup>
    <ClInclude Include="AssociativeArray.h">
      <Filter>Containers\Headers</Filter>
    </ClInclude>
    <ClInclude Include="DynamicArray.h">
      <Filter>Containers\Headers</Filter>
    </ClInclude>
    <ClInclude Include="Graph.h">
      <Filter>Containers\Headers</Filter>
    </ClInclude>
    <ClInclude Include="GraphNode.h">
      <Filter>Containers\Headers</Filter>
    </ClInclude>
    <ClInclude Include="Heap.h">
      <Filter>Containers\Headers</Filter>
    </ClInclude>
    <ClInclude Include="LinkedLists.h">
      <Filter>Containers\Headers</Filter>
    </ClInclude>
    <ClInclude Include="Resource.h">
      <Filter>Containers\Headers</Filter>
    </ClInclude>
    <ClInclude Include="ResourceManager.h">
      <Filter>Containers\Headers</Filter>
    </ClInclude>
    <ClInclude Include="Stack.h">
      <Filter>Containers\Headers</Filter>
    </ClInclude>
    <ClInclude Include="ObjectPool.h">
      <Filter>Design Patterns\Headers</Filter>
    </ClInclude>
    <ClInclude Include="State.h">
      <Filter>Design Patterns\Headers</Filter>
    </ClInclude>
    <ClInclude Include="StateMachine.h">
      <Filter>Design Patterns\Headers</Filter>
    </ClInclude>
    <ClInclude Include="Matrix2.h">
      <Filter>Math Library\Headers</Filter>
    </ClInclude>
    <ClInclude Include="Matrix3.h">
      <Filter>Math Library\Headers</Filter>
    </ClInclude>
    <ClInclude Include="Matrix4.h">
      <Filter>Math Library\Headers</Filter>
    </ClInclude>
    <ClInclude Include="Vector2.h">
      <Filter>Math Library\Headers</Filter>
    </ClInclude>
    <ClInclude Include="Vector3.h">
      <Filter>Math Library\Headers</Filter>
    </ClInclude>
    <ClInclude Include="Vector4.h">
      <Filter>Math Library\Headers</Filter>
    </ClInclude>
    <ClInclude Include="VectorCast.h">
      <Filter>Math Library\Headers</Filter>
    </ClInclude>
    <ClInclude Include="Application2D.h">
      <Filter>Other\Headers</Filter>
    </ClInclude>
    <ClInclude Include="Defines.h">
      <Filter>Other\Headers</Filter>
    </ClInclude>
    <ClInclude Include="FunctionPointerExampleClass.h">
      <Filter>Other\Headers</Filter>
    </ClInclude>
    <ClInclude Include="CollisionManager.h">
      <Filter>Collision Detection\Headers</Filter>
    </ClInclude>
    <ClInclude Include="rect.h">
      <Filter>Collision Detection\Headers</Filter>
    </ClInclude>
    <ClInclude Include="Collider.h">
      <Filter>Collision Detection\Headers</Filter>
    </ClInclude>
    <ClInclude Include="Entity.h">
      <Filter>Other\Headers</Filter>
    </ClInclude>
    <ClInclude Include="AIBehaviourTree.h">
      <Filter>Artificial Intelligence\Behaviour Tree\Headers</Filter>
    </ClInclude>
    <ClInclude Include="BehaviourNode.h">
      <Filter>Artificial Intelligence\Behaviour Tree\Headers</Filter>
    </ClInclude>
    <ClInclude Include="Composite.h">
      <Filter>Artificial Intelligence\Behaviour Tree\Headers</Filter>
    </ClInclude>
    <ClInclude Include="ExampleAction.h">
      <Filter>Artificial Intelligence\Behaviour Tree\Headers</Filter>
    </ClInclude>
    <ClInclude Include="ExampleQuestion.h">
      <Filter>Artificial Intelligence\Behaviour Tree\Headers</Filter>
    </ClInclude>
    <ClInclude Include="Selector.h">
      <Filter>Artificial Intelligence\Behaviour Tree\Headers</Filter>
    </ClInclude>
    <ClInclude Include="Sequence.h">
      <Filter>Artificial Intelligence\Behaviour Tree\Headers</Filter>
    </ClInclude>
    <ClInclude Include="BaseDecision.h">
      <Filter>Artificial Intelligence\Decision Tree\Headers</Filter>
    </ClInclude>
    <ClInclude Include="AStar.h">
      <Filter>Artificial Intelligence\AStar\Headers</Filter>
    </ClInclude>
    <ClInclude Include="AStarNode.h">
      <Filter>Artificial Intelligence\AStar\Headers</Filter>
    </ClInclude>
    <ClInclude Include="Grid.h">
      <Filter>Artificial Intelligence\AStar\Headers</Filter>
    </ClInclude>
    <ClInclude Include="GridNode.h">
      <Filter>Artificial Intelligence\AStar\Headers</Filter>
    </ClInclude>
    <ClInclude Include="Heuristics.h">
      <Filter>Artificial Intelligence\AStar\Headers</Filter>
    </ClInclude>
    <ClInclude Include="Follow.h">
      <Filter>Artificial Intelligence\Behaviours\Headers</Filter>
    </ClInclude>
    <ClInclude Include="IBehaviour.h">
      <Filter>Artificial Intelligence\Behaviours\Headers</Filter>
    </ClInclude>
    <ClInclude Include="KeyboardController.h">
      <Filter>Artificial Intelligence\Behaviours\Headers</Filter>
    </ClInclude>
    <ClInclude Include="AIState.h">
      <Filter>Artificial Intelligence\State Machine\Headers</Filter>
    </ClInclude>
    <ClInclude Include="AIStateMachine.h">
      <Filter>Artificial Intelligence\State Machine\Headers</Filter>
    </ClInclude>
    <ClInclude Include="Enemy.h">
      <Filter>Other\Headers</Filter>
    </ClInclude>
    <ClInclude Include="Player.h">
      <Filter>Other\Headers</Filter>
    </ClInclude>
    <ClInclude Include="Enemy1.h">
      <Filter>Other\Headers</Filter>
    </ClInclude>
    <ClInclude Include="FollowState.h">
      <Filter>Artificial Intelligence\State Machine\Headers</Filter>
    </ClInclude>
    <ClInclude Include="Flee.h">
      <Filter>Artificial Intelligence\Behaviours\Headers</Filter>
    </ClInclude>
    <ClInclude Include="Seek.h">
      <Filter>Artificial Intelligence\Behaviours\Headers</Filter>
    </ClInclude>
    <ClInclude Include="MoveState.h">
      <Filter>Artificial Intelligence\State Machine\Headers</Filter>
    </ClInclude>
    <ClInclude Include="ControllerState.h">
      <Filter>Artificial Intelligence\State Machine\Headers</Filter>
    </ClInclude>
    <ClInclude Include="IdleState.h">
      <Filter>Artificial Intelligence\State Machine\Headers</Filter>
    </ClInclude>
    <ClInclude Include="Enemy2.h">
      <Filter>Other\Headers</Filter>
    </ClInclude>
    <ClInclude Include="BaseQuestion.h">
      <Filter>Artificial Intelligence\Decision Tree\Headers</Filter>
    </ClInclude>
    <ClInclude Include="BaseAnwser.h">
      <Filter>Artificial Intelligence\Decision Tree\Headers</Filter>
    </ClInclude>
    <ClInclude Include="QWhatBehaviour.h">
      <Filter>Artificial Intelligence\Decision Tree\Headers</Filter>
    </ClInclude>
    <ClInclude Include="ASeek.h">
      <Filter>Artificial Intelligence\Decision Tree\Headers</Filter>
    </ClInclude>
    <ClInclude Include="AFlee.h">
      <Filter>Artificial Intelligence\Decision Tree\Headers</Filter>
    </ClInclude>
  </ItemGroup>
</Project>